
Microsoft Visual Studio Solution File, Format Version 12.00
Project("{FAE04EC0-301F-11D3-BF4B-00C04F79EFBC}") = "Vali-Flow", "Vali-Flow\Vali-Flow.csproj", "{7AE77995-79B8-4801-9585-2111537494F2}"
EndProject
Project("{FAE04EC0-301F-11D3-BF4B-00C04F79EFBC}") = "vali-flow-test", "vali-flow-test\vali-flow-test.csproj", "{D7FB71BE-1C8E-433A-964D-A0E7E070F00F}"
EndProject
Project("{FAE04EC0-301F-11D3-BF4B-00C04F79EFBC}") = "Vali-Flow.InMemory", "Vali-Flow.InMemory\Vali-Flow.InMemory.csproj", "{02504EA2-D813-42AD-9C62-C7D95E2CA88D}"
EndProject
Project("{FAE04EC0-301F-11D3-BF4B-00C04F79EFBC}") = "Vali-Flow.Sql", "Vali-Flow.Sql\Vali-Flow.Sql.csproj", "{DCC94560-73B0-4D00-AA08-DC8397633B2B}"
EndProject
Project("{FAE04EC0-301F-11D3-BF4B-00C04F79EFBC}") = "Vali-Flow.Sql.Tests", "Vali-Flow.Sql.Tests\Vali-Flow.Sql.Tests.csproj", "{986D9FC9-6D4B-4B6A-9833-46B99A352483}"
EndProject
Global
	GlobalSection(SolutionConfigurationPlatforms) = preSolution
		Debug|Any CPU = Debug|Any CPU
		Debug|x64 = Debug|x64
		Debug|x86 = Debug|x86
		Release|Any CPU = Release|Any CPU
		Release|x64 = Release|x64
		Release|x86 = Release|x86
	EndGlobalSection
	GlobalSection(ProjectConfigurationPlatforms) = postSolution
		{7AE77995-79B8-4801-9585-2111537494F2}.Debug|Any CPU.ActiveCfg = Debug|Any CPU
		{7AE77995-79B8-4801-9585-2111537494F2}.Debug|Any CPU.Build.0 = Debug|Any CPU
		{7AE77995-79B8-4801-9585-2111537494F2}.Debug|x64.ActiveCfg = Debug|Any CPU
		{7AE77995-79B8-4801-9585-2111537494F2}.Debug|x64.Build.0 = Debug|Any CPU
		{7AE77995-79B8-4801-9585-2111537494F2}.Debug|x86.ActiveCfg = Debug|Any CPU
		{7AE77995-79B8-4801-9585-2111537494F2}.Debug|x86.Build.0 = Debug|Any CPU
		{7AE77995-79B8-4801-9585-2111537494F2}.Release|Any CPU.ActiveCfg = Release|Any CPU
		{7AE77995-79B8-4801-9585-2111537494F2}.Release|Any CPU.Build.0 = Release|Any CPU
		{7AE77995-79B8-4801-9585-2111537494F2}.Release|x64.ActiveCfg = Release|Any CPU
		{7AE77995-79B8-4801-9585-2111537494F2}.Release|x64.Build.0 = Release|Any CPU
		{7AE77995-79B8-4801-9585-2111537494F2}.Release|x86.ActiveCfg = Release|Any CPU
		{7AE77995-79B8-4801-9585-2111537494F2}.Release|x86.Build.0 = Release|Any CPU
		{D7FB71BE-1C8E-433A-964D-A0E7E070F00F}.Debug|Any CPU.ActiveCfg = Debug|Any CPU
		{D7FB71BE-1C8E-433A-964D-A0E7E070F00F}.Debug|Any CPU.Build.0 = Debug|Any CPU
		{D7FB71BE-1C8E-433A-964D-A0E7E070F00F}.Debug|x64.ActiveCfg = Debug|Any CPU
		{D7FB71BE-1C8E-433A-964D-A0E7E070F00F}.Debug|x64.Build.0 = Debug|Any CPU
		{D7FB71BE-1C8E-433A-964D-A0E7E070F00F}.Debug|x86.ActiveCfg = Debug|Any CPU
		{D7FB71BE-1C8E-433A-964D-A0E7E070F00F}.Debug|x86.Build.0 = Debug|Any CPU
		{D7FB71BE-1C8E-433A-964D-A0E7E070F00F}.Release|Any CPU.ActiveCfg = Release|Any CPU
		{D7FB71BE-1C8E-433A-964D-A0E7E070F00F}.Release|Any CPU.Build.0 = Release|Any CPU
		{D7FB71BE-1C8E-433A-964D-A0E7E070F00F}.Release|x64.ActiveCfg = Release|Any CPU
		{D7FB71BE-1C8E-433A-964D-A0E7E070F00F}.Release|x64.Build.0 = Release|Any CPU
		{D7FB71BE-1C8E-433A-964D-A0E7E070F00F}.Release|x86.ActiveCfg = Release|Any CPU
		{D7FB71BE-1C8E-433A-964D-A0E7E070F00F}.Release|x86.Build.0 = Release|Any CPU
		{02504EA2-D813-42AD-9C62-C7D95E2CA88D}.Debug|Any CPU.ActiveCfg = Debug|Any CPU
		{02504EA2-D813-42AD-9C62-C7D95E2CA88D}.Debug|Any CPU.Build.0 = Debug|Any CPU
		{02504EA2-D813-42AD-9C62-C7D95E2CA88D}.Debug|x64.ActiveCfg = Debug|Any CPU
		{02504EA2-D813-42AD-9C62-C7D95E2CA88D}.Debug|x64.Build.0 = Debug|Any CPU
		{02504EA2-D813-42AD-9C62-C7D95E2CA88D}.Debug|x86.ActiveCfg = Debug|Any CPU
		{02504EA2-D813-42AD-9C62-C7D95E2CA88D}.Debug|x86.Build.0 = Debug|Any CPU
		{02504EA2-D813-42AD-9C62-C7D95E2CA88D}.Release|Any CPU.ActiveCfg = Release|Any CPU
		{02504EA2-D813-42AD-9C62-C7D95E2CA88D}.Release|Any CPU.Build.0 = Release|Any CPU
		{02504EA2-D813-42AD-9C62-C7D95E2CA88D}.Release|x64.ActiveCfg = Release|Any CPU
		{02504EA2-D813-42AD-9C62-C7D95E2CA88D}.Release|x64.Build.0 = Release|Any CPU
		{02504EA2-D813-42AD-9C62-C7D95E2CA88D}.Release|x86.ActiveCfg = Release|Any CPU
		{02504EA2-D813-42AD-9C62-C7D95E2CA88D}.Release|x86.Build.0 = Release|Any CPU
		{DCC94560-73B0-4D00-AA08-DC8397633B2B}.Debug|Any CPU.ActiveCfg = Debug|Any CPU
		{DCC94560-73B0-4D00-AA08-DC8397633B2B}.Debug|Any CPU.Build.0 = Debug|Any CPU
		{DCC94560-73B0-4D00-AA08-DC8397633B2B}.Debug|x64.ActiveCfg = Debug|Any CPU
		{DCC94560-73B0-4D00-AA08-DC8397633B2B}.Debug|x64.Build.0 = Debug|Any CPU
		{DCC94560-73B0-4D00-AA08-DC8397633B2B}.Debug|x86.ActiveCfg = Debug|Any CPU
		{DCC94560-73B0-4D00-AA08-DC8397633B2B}.Debug|x86.Build.0 = Debug|Any CPU
		{DCC94560-73B0-4D00-AA08-DC8397633B2B}.Release|Any CPU.ActiveCfg = Release|Any CPU
		{DCC94560-73B0-4D00-AA08-DC8397633B2B}.Release|Any CPU.Build.0 = Release|Any CPU
		{DCC94560-73B0-4D00-AA08-DC8397633B2B}.Release|x64.ActiveCfg = Release|Any CPU
		{DCC94560-73B0-4D00-AA08-DC8397633B2B}.Release|x64.Build.0 = Release|Any CPU
		{DCC94560-73B0-4D00-AA08-DC8397633B2B}.Release|x86.ActiveCfg = Release|Any CPU
		{DCC94560-73B0-4D00-AA08-DC8397633B2B}.Release|x86.Build.0 = Release|Any CPU
		{986D9FC9-6D4B-4B6A-9833-46B99A352483}.Debug|Any CPU.ActiveCfg = Debug|Any CPU
		{986D9FC9-6D4B-4B6A-9833-46B99A352483}.Debug|Any CPU.Build.0 = Debug|Any CPU
		{986D9FC9-6D4B-4B6A-9833-46B99A352483}.Debug|x64.ActiveCfg = Debug|Any CPU
		{986D9FC9-6D4B-4B6A-9833-46B99A352483}.Debug|x64.Build.0 = Debug|Any CPU
		{986D9FC9-6D4B-4B6A-9833-46B99A352483}.Debug|x86.ActiveCfg = Debug|Any CPU
		{986D9FC9-6D4B-4B6A-9833-46B99A352483}.Debug|x86.Build.0 = Debug|Any CPU
		{986D9FC9-6D4B-4B6A-9833-46B99A352483}.Release|Any CPU.ActiveCfg = Release|Any CPU
		{986D9FC9-6D4B-4B6A-9833-46B99A352483}.Release|Any CPU.Build.0 = Release|Any CPU
		{986D9FC9-6D4B-4B6A-9833-46B99A352483}.Release|x64.ActiveCfg = Release|Any CPU
		{986D9FC9-6D4B-4B6A-9833-46B99A352483}.Release|x64.Build.0 = Release|Any CPU
		{986D9FC9-6D4B-4B6A-9833-46B99A352483}.Release|x86.ActiveCfg = Release|Any CPU
		{986D9FC9-6D4B-4B6A-9833-46B99A352483}.Release|x86.Build.0 = Release|Any CPU
	EndGlobalSection
	GlobalSection(SolutionProperties) = preSolution
		HideSolutionNode = FALSE
	EndGlobalSection
EndGlobal
