
Microsoft Visual Studio Solution File, Format Version 12.00
Project("{FAE04EC0-301F-11D3-BF4B-00C04F79EFBC}") = "Vali-Flow", "Vali-Flow\Vali-Flow.csproj", "{7AE77995-79B8-4801-9585-2111537494F2}"
EndProject
Project("{FAE04EC0-301F-11D3-BF4B-00C04F79EFBC}") = "Vali-Flow.InMemory", "Vali-Flow.InMemory\Vali-Flow.InMemory.csproj", "{02504EA2-D813-42AD-9C62-C7D95E2CA88D}"
EndProject
Project("{FAE04EC0-301F-11D3-BF4B-00C04F79EFBC}") = "Vali-Flow.Sql", "Vali-Flow.Sql\Vali-Flow.Sql.csproj", "{DCC94560-73B0-4D00-AA08-DC8397633B2B}"
EndProject
Project("{FAE04EC0-301F-11D3-BF4B-00C04F79EFBC}") = "Vali-Flow.Sql.Tests", "Vali-Flow.Sql.Tests\Vali-Flow.Sql.Tests.csproj", "{986D9FC9-6D4B-4B6A-9833-46B99A352483}"
EndProject
Project("{FAE04EC0-301F-11D3-BF4B-00C04F79EFBC}") = "Vali-Flow.InMemory.Tests", "Vali-Flow.InMemory.Tests\Vali-Flow.InMemory.Tests.csproj", "{A1B2C3D4-E5F6-7890-ABCD-EF1234567890}"
EndProject
Project("{FAE04EC0-301F-11D3-BF4B-00C04F79EFBC}") = "Vali-Flow.Tests", "Vali-Flow.Tests\Vali-Flow.Tests.csproj", "{BC4C1B6D-59B6-4512-9CD4-E281BF7188C6}"
EndProject
Project("{FAE04EC0-301F-11D3-BF4B-00C04F79EFBC}") = "Vali-Flow.Benchmarks", "Vali-Flow.Benchmarks\Vali-Flow.Benchmarks.csproj", "{F1E2D3C4-B5A6-9870-FEDC-BA9876543210}"
EndProject
Project("{FAE04EC0-301F-11D3-BF4B-00C04F79EFBC}") = "Vali-Flow.NoSql", "Vali-Flow.NoSql\Vali-Flow.NoSql.csproj", "{36A1DB87-DFAB-46D1-A273-36BAC35B3D1A}"
EndProject
Project("{FAE04EC0-301F-11D3-BF4B-00C04F79EFBC}") = "Vali-Flow.NoSql.MongoDB", "Vali-Flow.NoSql.MongoDB\Vali-Flow.NoSql.MongoDB.csproj", "{AEB18754-6D38-4F85-B7EC-D18BA87D8307}"
EndProject
Project("{FAE04EC0-301F-11D3-BF4B-00C04F79EFBC}") = "Vali-Flow.NoSql.Tests", "Vali-Flow.NoSql.Tests\Vali-Flow.NoSql.Tests.csproj", "{9A22F1EE-BE71-4F42-A666-84A17D58DA56}"
EndProject
Project("{FAE04EC0-301F-11D3-BF4B-00C04F79EFBC}") = "Vali-Flow.NoSql.Elasticsearch", "Vali-Flow.NoSql.Elasticsearch\Vali-Flow.NoSql.Elasticsearch.csproj", "{CF75532D-BF87-4869-9914-4CD25873298D}"
EndProject
Project("{FAE04EC0-301F-11D3-BF4B-00C04F79EFBC}") = "Vali-Flow.NoSql.Elasticsearch.Tests", "Vali-Flow.NoSql.Elasticsearch.Tests\Vali-Flow.NoSql.Elasticsearch.Tests.csproj", "{C44B3AD5-22F2-4C16-ADCC-A1E2182C4C1B}"
EndProject
Global
	GlobalSection(SolutionConfigurationPlatforms) = preSolution
		Debug|Any CPU = Debug|Any CPU
		Debug|x64 = Debug|x64
		Debug|x86 = Debug|x86
		Release|Any CPU = Release|Any CPU
		Release|x64 = Release|x64
		Release|x86 = Release|x86
	EndGlobalSection
	GlobalSection(ProjectConfigurationPlatforms) = postSolution
		{7AE77995-79B8-4801-9585-2111537494F2}.Debug|Any CPU.ActiveCfg = Debug|Any CPU
		{7AE77995-79B8-4801-9585-2111537494F2}.Debug|Any CPU.Build.0 = Debug|Any CPU
		{7AE77995-79B8-4801-9585-2111537494F2}.Debug|x64.ActiveCfg = Debug|Any CPU
		{7AE77995-79B8-4801-9585-2111537494F2}.Debug|x64.Build.0 = Debug|Any CPU
		{7AE77995-79B8-4801-9585-2111537494F2}.Debug|x86.ActiveCfg = Debug|Any CPU
		{7AE77995-79B8-4801-9585-2111537494F2}.Debug|x86.Build.0 = Debug|Any CPU
		{7AE77995-79B8-4801-9585-2111537494F2}.Release|Any CPU.ActiveCfg = Release|Any CPU
		{7AE77995-79B8-4801-9585-2111537494F2}.Release|Any CPU.Build.0 = Release|Any CPU
		{7AE77995-79B8-4801-9585-2111537494F2}.Release|x64.ActiveCfg = Release|Any CPU
		{7AE77995-79B8-4801-9585-2111537494F2}.Release|x64.Build.0 = Release|Any CPU
		{7AE77995-79B8-4801-9585-2111537494F2}.Release|x86.ActiveCfg = Release|Any CPU
		{7AE77995-79B8-4801-9585-2111537494F2}.Release|x86.Build.0 = Release|Any CPU
		{02504EA2-D813-42AD-9C62-C7D95E2CA88D}.Debug|Any CPU.ActiveCfg = Debug|Any CPU
		{02504EA2-D813-42AD-9C62-C7D95E2CA88D}.Debug|Any CPU.Build.0 = Debug|Any CPU
		{02504EA2-D813-42AD-9C62-C7D95E2CA88D}.Debug|x64.ActiveCfg = Debug|Any CPU
		{02504EA2-D813-42AD-9C62-C7D95E2CA88D}.Debug|x64.Build.0 = Debug|Any CPU
		{02504EA2-D813-42AD-9C62-C7D95E2CA88D}.Debug|x86.ActiveCfg = Debug|Any CPU
		{02504EA2-D813-42AD-9C62-C7D95E2CA88D}.Debug|x86.Build.0 = Debug|Any CPU
		{02504EA2-D813-42AD-9C62-C7D95E2CA88D}.Release|Any CPU.ActiveCfg = Release|Any CPU
		{02504EA2-D813-42AD-9C62-C7D95E2CA88D}.Release|Any CPU.Build.0 = Release|Any CPU
		{02504EA2-D813-42AD-9C62-C7D95E2CA88D}.Release|x64.ActiveCfg = Release|Any CPU
		{02504EA2-D813-42AD-9C62-C7D95E2CA88D}.Release|x64.Build.0 = Release|Any CPU
		{02504EA2-D813-42AD-9C62-C7D95E2CA88D}.Release|x86.ActiveCfg = Release|Any CPU
		{02504EA2-D813-42AD-9C62-C7D95E2CA88D}.Release|x86.Build.0 = Release|Any CPU
		{DCC94560-73B0-4D00-AA08-DC8397633B2B}.Debug|Any CPU.ActiveCfg = Debug|Any CPU
		{DCC94560-73B0-4D00-AA08-DC8397633B2B}.Debug|Any CPU.Build.0 = Debug|Any CPU
		{DCC94560-73B0-4D00-AA08-DC8397633B2B}.Debug|x64.ActiveCfg = Debug|Any CPU
		{DCC94560-73B0-4D00-AA08-DC8397633B2B}.Debug|x64.Build.0 = Debug|Any CPU
		{DCC94560-73B0-4D00-AA08-DC8397633B2B}.Debug|x86.ActiveCfg = Debug|Any CPU
		{DCC94560-73B0-4D00-AA08-DC8397633B2B}.Debug|x86.Build.0 = Debug|Any CPU
		{DCC94560-73B0-4D00-AA08-DC8397633B2B}.Release|Any CPU.ActiveCfg = Release|Any CPU
		{DCC94560-73B0-4D00-AA08-DC8397633B2B}.Release|Any CPU.Build.0 = Release|Any CPU
		{DCC94560-73B0-4D00-AA08-DC8397633B2B}.Release|x64.ActiveCfg = Release|Any CPU
		{DCC94560-73B0-4D00-AA08-DC8397633B2B}.Release|x64.Build.0 = Release|Any CPU
		{DCC94560-73B0-4D00-AA08-DC8397633B2B}.Release|x86.ActiveCfg = Release|Any CPU
		{DCC94560-73B0-4D00-AA08-DC8397633B2B}.Release|x86.Build.0 = Release|Any CPU
		{986D9FC9-6D4B-4B6A-9833-46B99A352483}.Debug|Any CPU.ActiveCfg = Debug|Any CPU
		{986D9FC9-6D4B-4B6A-9833-46B99A352483}.Debug|Any CPU.Build.0 = Debug|Any CPU
		{986D9FC9-6D4B-4B6A-9833-46B99A352483}.Debug|x64.ActiveCfg = Debug|Any CPU
		{986D9FC9-6D4B-4B6A-9833-46B99A352483}.Debug|x64.Build.0 = Debug|Any CPU
		{986D9FC9-6D4B-4B6A-9833-46B99A352483}.Debug|x86.ActiveCfg = Debug|Any CPU
		{986D9FC9-6D4B-4B6A-9833-46B99A352483}.Debug|x86.Build.0 = Debug|Any CPU
		{986D9FC9-6D4B-4B6A-9833-46B99A352483}.Release|Any CPU.ActiveCfg = Release|Any CPU
		{986D9FC9-6D4B-4B6A-9833-46B99A352483}.Release|Any CPU.Build.0 = Release|Any CPU
		{986D9FC9-6D4B-4B6A-9833-46B99A352483}.Release|x64.ActiveCfg = Release|Any CPU
		{986D9FC9-6D4B-4B6A-9833-46B99A352483}.Release|x64.Build.0 = Release|Any CPU
		{986D9FC9-6D4B-4B6A-9833-46B99A352483}.Release|x86.ActiveCfg = Release|Any CPU
		{986D9FC9-6D4B-4B6A-9833-46B99A352483}.Release|x86.Build.0 = Release|Any CPU
		{A1B2C3D4-E5F6-7890-ABCD-EF1234567890}.Debug|Any CPU.ActiveCfg = Debug|Any CPU
		{A1B2C3D4-E5F6-7890-ABCD-EF1234567890}.Debug|Any CPU.Build.0 = Debug|Any CPU
		{A1B2C3D4-E5F6-7890-ABCD-EF1234567890}.Debug|x64.ActiveCfg = Debug|Any CPU
		{A1B2C3D4-E5F6-7890-ABCD-EF1234567890}.Debug|x64.Build.0 = Debug|Any CPU
		{A1B2C3D4-E5F6-7890-ABCD-EF1234567890}.Debug|x86.ActiveCfg = Debug|Any CPU
		{A1B2C3D4-E5F6-7890-ABCD-EF1234567890}.Debug|x86.Build.0 = Debug|Any CPU
		{A1B2C3D4-E5F6-7890-ABCD-EF1234567890}.Release|Any CPU.ActiveCfg = Release|Any CPU
		{A1B2C3D4-E5F6-7890-ABCD-EF1234567890}.Release|Any CPU.Build.0 = Release|Any CPU
		{A1B2C3D4-E5F6-7890-ABCD-EF1234567890}.Release|x64.ActiveCfg = Release|Any CPU
		{A1B2C3D4-E5F6-7890-ABCD-EF1234567890}.Release|x64.Build.0 = Release|Any CPU
		{A1B2C3D4-E5F6-7890-ABCD-EF1234567890}.Release|x86.ActiveCfg = Release|Any CPU
		{A1B2C3D4-E5F6-7890-ABCD-EF1234567890}.Release|x86.Build.0 = Release|Any CPU
		{BC4C1B6D-59B6-4512-9CD4-E281BF7188C6}.Debug|Any CPU.ActiveCfg = Debug|Any CPU
		{BC4C1B6D-59B6-4512-9CD4-E281BF7188C6}.Debug|Any CPU.Build.0 = Debug|Any CPU
		{BC4C1B6D-59B6-4512-9CD4-E281BF7188C6}.Debug|x64.ActiveCfg = Debug|Any CPU
		{BC4C1B6D-59B6-4512-9CD4-E281BF7188C6}.Debug|x64.Build.0 = Debug|Any CPU
		{BC4C1B6D-59B6-4512-9CD4-E281BF7188C6}.Debug|x86.ActiveCfg = Debug|Any CPU
		{BC4C1B6D-59B6-4512-9CD4-E281BF7188C6}.Debug|x86.Build.0 = Debug|Any CPU
		{BC4C1B6D-59B6-4512-9CD4-E281BF7188C6}.Release|Any CPU.ActiveCfg = Release|Any CPU
		{BC4C1B6D-59B6-4512-9CD4-E281BF7188C6}.Release|Any CPU.Build.0 = Release|Any CPU
		{BC4C1B6D-59B6-4512-9CD4-E281BF7188C6}.Release|x64.ActiveCfg = Release|Any CPU
		{BC4C1B6D-59B6-4512-9CD4-E281BF7188C6}.Release|x64.Build.0 = Release|Any CPU
		{BC4C1B6D-59B6-4512-9CD4-E281BF7188C6}.Release|x86.ActiveCfg = Release|Any CPU
		{BC4C1B6D-59B6-4512-9CD4-E281BF7188C6}.Release|x86.Build.0 = Release|Any CPU
		{F1E2D3C4-B5A6-9870-FEDC-BA9876543210}.Debug|Any CPU.ActiveCfg = Debug|Any CPU
		{F1E2D3C4-B5A6-9870-FEDC-BA9876543210}.Debug|Any CPU.Build.0 = Debug|Any CPU
		{F1E2D3C4-B5A6-9870-FEDC-BA9876543210}.Debug|x64.ActiveCfg = Debug|Any CPU
		{F1E2D3C4-B5A6-9870-FEDC-BA9876543210}.Debug|x64.Build.0 = Debug|Any CPU
		{F1E2D3C4-B5A6-9870-FEDC-BA9876543210}.Debug|x86.ActiveCfg = Debug|Any CPU
		{F1E2D3C4-B5A6-9870-FEDC-BA9876543210}.Debug|x86.Build.0 = Debug|Any CPU
		{F1E2D3C4-B5A6-9870-FEDC-BA9876543210}.Release|Any CPU.ActiveCfg = Release|Any CPU
		{F1E2D3C4-B5A6-9870-FEDC-BA9876543210}.Release|Any CPU.Build.0 = Release|Any CPU
		{F1E2D3C4-B5A6-9870-FEDC-BA9876543210}.Release|x64.ActiveCfg = Release|Any CPU
		{F1E2D3C4-B5A6-9870-FEDC-BA9876543210}.Release|x64.Build.0 = Release|Any CPU
		{F1E2D3C4-B5A6-9870-FEDC-BA9876543210}.Release|x86.ActiveCfg = Release|Any CPU
		{F1E2D3C4-B5A6-9870-FEDC-BA9876543210}.Release|x86.Build.0 = Release|Any CPU
		{36A1DB87-DFAB-46D1-A273-36BAC35B3D1A}.Debug|Any CPU.ActiveCfg = Debug|Any CPU
		{36A1DB87-DFAB-46D1-A273-36BAC35B3D1A}.Debug|Any CPU.Build.0 = Debug|Any CPU
		{36A1DB87-DFAB-46D1-A273-36BAC35B3D1A}.Debug|x64.ActiveCfg = Debug|Any CPU
		{36A1DB87-DFAB-46D1-A273-36BAC35B3D1A}.Debug|x64.Build.0 = Debug|Any CPU
		{36A1DB87-DFAB-46D1-A273-36BAC35B3D1A}.Debug|x86.ActiveCfg = Debug|Any CPU
		{36A1DB87-DFAB-46D1-A273-36BAC35B3D1A}.Debug|x86.Build.0 = Debug|Any CPU
		{36A1DB87-DFAB-46D1-A273-36BAC35B3D1A}.Release|Any CPU.ActiveCfg = Release|Any CPU
		{36A1DB87-DFAB-46D1-A273-36BAC35B3D1A}.Release|Any CPU.Build.0 = Release|Any CPU
		{36A1DB87-DFAB-46D1-A273-36BAC35B3D1A}.Release|x64.ActiveCfg = Release|Any CPU
		{36A1DB87-DFAB-46D1-A273-36BAC35B3D1A}.Release|x64.Build.0 = Release|Any CPU
		{36A1DB87-DFAB-46D1-A273-36BAC35B3D1A}.Release|x86.ActiveCfg = Release|Any CPU
		{36A1DB87-DFAB-46D1-A273-36BAC35B3D1A}.Release|x86.Build.0 = Release|Any CPU
		{AEB18754-6D38-4F85-B7EC-D18BA87D8307}.Debug|Any CPU.ActiveCfg = Debug|Any CPU
		{AEB18754-6D38-4F85-B7EC-D18BA87D8307}.Debug|Any CPU.Build.0 = Debug|Any CPU
		{AEB18754-6D38-4F85-B7EC-D18BA87D8307}.Debug|x64.ActiveCfg = Debug|Any CPU
		{AEB18754-6D38-4F85-B7EC-D18BA87D8307}.Debug|x64.Build.0 = Debug|Any CPU
		{AEB18754-6D38-4F85-B7EC-D18BA87D8307}.Debug|x86.ActiveCfg = Debug|Any CPU
		{AEB18754-6D38-4F85-B7EC-D18BA87D8307}.Debug|x86.Build.0 = Debug|Any CPU
		{AEB18754-6D38-4F85-B7EC-D18BA87D8307}.Release|Any CPU.ActiveCfg = Release|Any CPU
		{AEB18754-6D38-4F85-B7EC-D18BA87D8307}.Release|Any CPU.Build.0 = Release|Any CPU
		{AEB18754-6D38-4F85-B7EC-D18BA87D8307}.Release|x64.ActiveCfg = Release|Any CPU
		{AEB18754-6D38-4F85-B7EC-D18BA87D8307}.Release|x64.Build.0 = Release|Any CPU
		{AEB18754-6D38-4F85-B7EC-D18BA87D8307}.Release|x86.ActiveCfg = Release|Any CPU
		{AEB18754-6D38-4F85-B7EC-D18BA87D8307}.Release|x86.Build.0 = Release|Any CPU
		{9A22F1EE-BE71-4F42-A666-84A17D58DA56}.Debug|Any CPU.ActiveCfg = Debug|Any CPU
		{9A22F1EE-BE71-4F42-A666-84A17D58DA56}.Debug|Any CPU.Build.0 = Debug|Any CPU
		{9A22F1EE-BE71-4F42-A666-84A17D58DA56}.Debug|x64.ActiveCfg = Debug|Any CPU
		{9A22F1EE-BE71-4F42-A666-84A17D58DA56}.Debug|x64.Build.0 = Debug|Any CPU
		{9A22F1EE-BE71-4F42-A666-84A17D58DA56}.Debug|x86.ActiveCfg = Debug|Any CPU
		{9A22F1EE-BE71-4F42-A666-84A17D58DA56}.Debug|x86.Build.0 = Debug|Any CPU
		{9A22F1EE-BE71-4F42-A666-84A17D58DA56}.Release|Any CPU.ActiveCfg = Release|Any CPU
		{9A22F1EE-BE71-4F42-A666-84A17D58DA56}.Release|Any CPU.Build.0 = Release|Any CPU
		{9A22F1EE-BE71-4F42-A666-84A17D58DA56}.Release|x64.ActiveCfg = Release|Any CPU
		{9A22F1EE-BE71-4F42-A666-84A17D58DA56}.Release|x64.Build.0 = Release|Any CPU
		{9A22F1EE-BE71-4F42-A666-84A17D58DA56}.Release|x86.ActiveCfg = Release|Any CPU
		{9A22F1EE-BE71-4F42-A666-84A17D58DA56}.Release|x86.Build.0 = Release|Any CPU
		{CF75532D-BF87-4869-9914-4CD25873298D}.Debug|Any CPU.ActiveCfg = Debug|Any CPU
		{CF75532D-BF87-4869-9914-4CD25873298D}.Debug|Any CPU.Build.0 = Debug|Any CPU
		{CF75532D-BF87-4869-9914-4CD25873298D}.Debug|x64.ActiveCfg = Debug|Any CPU
		{CF75532D-BF87-4869-9914-4CD25873298D}.Debug|x64.Build.0 = Debug|Any CPU
		{CF75532D-BF87-4869-9914-4CD25873298D}.Debug|x86.ActiveCfg = Debug|Any CPU
		{CF75532D-BF87-4869-9914-4CD25873298D}.Debug|x86.Build.0 = Debug|Any CPU
		{CF75532D-BF87-4869-9914-4CD25873298D}.Release|Any CPU.ActiveCfg = Release|Any CPU
		{CF75532D-BF87-4869-9914-4CD25873298D}.Release|Any CPU.Build.0 = Release|Any CPU
		{CF75532D-BF87-4869-9914-4CD25873298D}.Release|x64.ActiveCfg = Release|Any CPU
		{CF75532D-BF87-4869-9914-4CD25873298D}.Release|x64.Build.0 = Release|Any CPU
		{CF75532D-BF87-4869-9914-4CD25873298D}.Release|x86.ActiveCfg = Release|Any CPU
		{CF75532D-BF87-4869-9914-4CD25873298D}.Release|x86.Build.0 = Release|Any CPU
		{C44B3AD5-22F2-4C16-ADCC-A1E2182C4C1B}.Debug|Any CPU.ActiveCfg = Debug|Any CPU
		{C44B3AD5-22F2-4C16-ADCC-A1E2182C4C1B}.Debug|Any CPU.Build.0 = Debug|Any CPU
		{C44B3AD5-22F2-4C16-ADCC-A1E2182C4C1B}.Debug|x64.ActiveCfg = Debug|Any CPU
		{C44B3AD5-22F2-4C16-ADCC-A1E2182C4C1B}.Debug|x64.Build.0 = Debug|Any CPU
		{C44B3AD5-22F2-4C16-ADCC-A1E2182C4C1B}.Debug|x86.ActiveCfg = Debug|Any CPU
		{C44B3AD5-22F2-4C16-ADCC-A1E2182C4C1B}.Debug|x86.Build.0 = Debug|Any CPU
		{C44B3AD5-22F2-4C16-ADCC-A1E2182C4C1B}.Release|Any CPU.ActiveCfg = Release|Any CPU
		{C44B3AD5-22F2-4C16-ADCC-A1E2182C4C1B}.Release|Any CPU.Build.0 = Release|Any CPU
		{C44B3AD5-22F2-4C16-ADCC-A1E2182C4C1B}.Release|x64.ActiveCfg = Release|Any CPU
		{C44B3AD5-22F2-4C16-ADCC-A1E2182C4C1B}.Release|x64.Build.0 = Release|Any CPU
		{C44B3AD5-22F2-4C16-ADCC-A1E2182C4C1B}.Release|x86.ActiveCfg = Release|Any CPU
		{C44B3AD5-22F2-4C16-ADCC-A1E2182C4C1B}.Release|x86.Build.0 = Release|Any CPU
	EndGlobalSection
	GlobalSection(SolutionProperties) = preSolution
		HideSolutionNode = FALSE
	EndGlobalSection
EndGlobal
